<?xml version="1.0" encoding="utf-8"?>
<Project ToolsVersion="4.0" xmlns="http://schemas.microsoft.com/developer/msbuild/2003">
  <ItemGroup>
    <Filter Include="源文件">
      <UniqueIdentifier>{4FC737F1-C7A5-4376-A066-2A32D752A2FF}</UniqueIdentifier>
      <Extensions>cpp;c;cc;cxx;c++;cppm;ixx;def;odl;idl;hpj;bat;asm;asmx</Extensions>
    </Filter>
    <Filter Include="头文件">
      <UniqueIdentifier>{93995380-89BD-4b04-88EB-625FBE52EBFB}</UniqueIdentifier>
      <Extensions>h;hh;hpp;hxx;h++;hm;inl;inc;ipp;xsd</Extensions>
    </Filter>
    <Filter Include="资源文件">
      <UniqueIdentifier>{67DA6AB6-F800-4c08-8B7A-83BB121AAD01}</UniqueIdentifier>
      <Extensions>rc;ico;cur;bmp;dlg;rc2;rct;bin;rgs;gif;jpg;jpeg;jpe;resx;tiff;tif;png;wav;mfcribbon-ms</Extensions>
    </Filter>
  </ItemGroup>
  <ItemGroup>
    <ClCompile Include="src\gameplay_logic\base_game_object.cpp">
      <Filter>源文件</Filter>
    </ClCompile>
    <ClCompile Include="src\gameplay_logic\game_camera.cpp">
      <Filter>源文件</Filter>
    </ClCompile>
    <ClCompile Include="src\gameplay_logic\game_main.cpp">
      <Filter>源文件</Filter>
    </ClCompile>
    <ClCompile Include="src\gameplay_logic\game_render_app.cpp">
      <Filter>源文件</Filter>
    </ClCompile>
    <ClCompile Include="src\gameplay_logic\game_window.cpp">
      <Filter>源文件</Filter>
    </ClCompile>
    <ClCompile Include="src\vulkan_base\game_buffer.cpp">
      <Filter>源文件</Filter>
    </ClCompile>
    <ClCompile Include="src\vulkan_base\game_descriptors.cpp">
      <Filter>源文件</Filter>
    </ClCompile>
    <ClCompile Include="src\vulkan_base\game_device.cpp">
      <Filter>源文件</Filter>
    </ClCompile>
    <ClCompile Include="src\vulkan_base\game_swap_chain.cpp">
      <Filter>源文件</Filter>
    </ClCompile>
    <ClCompile Include="src\vulkan_base_render\game_model.cpp">
      <Filter>源文件</Filter>
    </ClCompile>
    <ClCompile Include="src\vulkan_base_render\game_pipeline.cpp">
      <Filter>源文件</Filter>
    </ClCompile>
    <ClCompile Include="src\vulkan_base_render\game_renderer.cpp">
      <Filter>源文件</Filter>
    </ClCompile>
    <ClCompile Include="src\vulkan_base_render\game_texture.cpp">
      <Filter>源文件</Filter>
    </ClCompile>
    <ClCompile Include="src\game_render_system\base_render_system.cpp">
      <Filter>源文件</Filter>
    </ClCompile>
    <ClCompile Include="src\game_render_system\point_light_system.cpp">
      <Filter>源文件</Filter>
    </ClCompile>
    <ClCompile Include="src\input_system\keyboard_input_controller.cpp">
      <Filter>源文件</Filter>
    </ClCompile>
    <ClCompile Include="src\game_physics_system\physics_aabb.cpp">
      <Filter>源文件</Filter>
    </ClCompile>
  </ItemGroup>
  <ItemGroup>
    <ClInclude Include="src\gameplay_logic\base_game_object.h">
      <Filter>头文件</Filter>
    </ClInclude>
    <ClInclude Include="src\gameplay_logic\game_camera.h">
      <Filter>头文件</Filter>
    </ClInclude>
    <ClInclude Include="src\gameplay_logic\game_render_app.h">
      <Filter>头文件</Filter>
    </ClInclude>
    <ClInclude Include="src\gameplay_logic\game_window.h">
      <Filter>头文件</Filter>
    </ClInclude>
    <ClInclude Include="src\vulkan_base\game_buffer.h">
      <Filter>头文件</Filter>
    </ClInclude>
    <ClInclude Include="src\vulkan_base\game_descriptors.h">
      <Filter>头文件</Filter>
    </ClInclude>
    <ClInclude Include="src\vulkan_base\game_device.h">
      <Filter>头文件</Filter>
    </ClInclude>
    <ClInclude Include="src\vulkan_base\game_swap_chain.h">
      <Filter>头文件</Filter>
    </ClInclude>
    <ClInclude Include="src\vulkan_base_render\game_frame_info.h">
      <Filter>头文件</Filter>
    </ClInclude>
    <ClInclude Include="src\vulkan_base_render\game_model.h">
      <Filter>头文件</Filter>
    </ClInclude>
    <ClInclude Include="src\vulkan_base_render\game_pipeline.h">
      <Filter>头文件</Filter>
    </ClInclude>
    <ClInclude Include="src\vulkan_base_render\game_renderer.h">
      <Filter>头文件</Filter>
    </ClInclude>
    <ClInclude Include="src\vulkan_base_render\game_texture.h">
      <Filter>头文件</Filter>
    </ClInclude>
    <ClInclude Include="src\vulkan_base_render\game_utils.h">
      <Filter>头文件</Filter>
    </ClInclude>
    <ClInclude Include="src\game_render_system\base_render_system.h">
      <Filter>头文件</Filter>
    </ClInclude>
    <ClInclude Include="src\game_render_system\point_light_system.h">
      <Filter>头文件</Filter>
    </ClInclude>
    <ClInclude Include="src\input_system\keyboard_input_controller.h">
      <Filter>头文件</Filter>
    </ClInclude>
    <ClInclude Include="src\gameplay_logic\render_system_include.h">
      <Filter>头文件</Filter>
    </ClInclude>
    <ClInclude Include="src\game_physics_system\physics_aabb.h">
      <Filter>头文件</Filter>
    </ClInclude>
  </ItemGroup>
  <ItemGroup>
    <None Include="shaders\base_render_shader.frag" />
    <None Include="shaders\base_render_shader.vert" />
    <None Include="shaders\point_light.frag" />
    <None Include="shaders\point_light.vert" />
    <None Include="scripts\compile_shaders.cmd" />
    <None Include="packages.config" />
  </ItemGroup>
</Project>